
Microsoft Visual Studio Solution File, Format Version 12.00
# Visual Studio Version 17
VisualStudioVersion = 17.7.34003.232
MinimumVisualStudioVersion = 10.0.40219.1
Project("{FAE04EC0-301F-11D3-BF4B-00C04F79EFBC}") = "CrudUniversity", "CrudUniversity.csproj", "{F97B4DFE-246C-4A59-AB61-6008065D8F51}"
EndProject
Global
	GlobalSection(SolutionConfigurationPlatforms) = preSolution
		Debug|Any CPU = Debug|Any CPU
		Release|Any CPU = Release|Any CPU
	EndGlobalSection
	GlobalSection(ProjectConfigurationPlatforms) = postSolution
		{F97B4DFE-246C-4A59-AB61-6008065D8F51}.Debug|Any CPU.ActiveCfg = Debug|Any CPU
		{F97B4DFE-246C-4A59-AB61-6008065D8F51}.Debug|Any CPU.Build.0 = Debug|Any CPU
		{F97B4DFE-246C-4A59-AB61-6008065D8F51}.Release|Any CPU.ActiveCfg = Release|Any CPU
		{F97B4DFE-246C-4A59-AB61-6008065D8F51}.Release|Any CPU.Build.0 = Release|Any CPU
	EndGlobalSection
	GlobalSection(SolutionProperties) = preSolution
		HideSolutionNode = FALSE
	EndGlobalSection
	GlobalSection(ExtensibilityGlobals) = postSolution
		SolutionGuid = {E1ABDA3B-8313-47BF-8164-7518C43CA3F8}
	EndGlobalSection
EndGlobal
